
Microsoft Visual Studio Solution File, Format Version 12.00
# Visual Studio Version 17
VisualStudioVersion = 17.7.34202.233
MinimumVisualStudioVersion = 10.0.40219.1
Project("{FAE04EC0-301F-11D3-BF4B-00C04F79EFBC}") = "BudgetBuddyAPI", "BudgetBuddyAPI\BudgetBuddyAPI.csproj", "{8F7DFC43-19ED-4BFF-B10B-EBD838C3844C}"
EndProject
Project("{FAE04EC0-301F-11D3-BF4B-00C04F79EFBC}") = "BudgetBuddy.Core", "BudgetBuddy.Core\BudgetBuddy.Core.csproj", "{A289657A-B040-42BE-922F-CF67A94FE624}"
EndProject
Project("{FAE04EC0-301F-11D3-BF4B-00C04F79EFBC}") = "BudgetBuddy.Domain", "BudgetBuddy.Domain\BudgetBuddy.Domain.csproj", "{10752504-12D8-41D1-B6D2-E856B6806870}"
EndProject
Project("{FAE04EC0-301F-11D3-BF4B-00C04F79EFBC}") = "BudgetBuddy.Infrastructre", "BudgetBuddy.Infrastructre\BudgetBuddy.Infrastructre.csproj", "{4FA2BCF9-A4D1-43EA-B5D1-16D123ABF3F1}"
EndProject
Global
	GlobalSection(SolutionConfigurationPlatforms) = preSolution
		Debug|Any CPU = Debug|Any CPU
		Release|Any CPU = Release|Any CPU
	EndGlobalSection
	GlobalSection(ProjectConfigurationPlatforms) = postSolution
		{8F7DFC43-19ED-4BFF-B10B-EBD838C3844C}.Debug|Any CPU.ActiveCfg = Debug|Any CPU
		{8F7DFC43-19ED-4BFF-B10B-EBD838C3844C}.Debug|Any CPU.Build.0 = Debug|Any CPU
		{8F7DFC43-19ED-4BFF-B10B-EBD838C3844C}.Release|Any CPU.ActiveCfg = Release|Any CPU
		{8F7DFC43-19ED-4BFF-B10B-EBD838C3844C}.Release|Any CPU.Build.0 = Release|Any CPU
		{A289657A-B040-42BE-922F-CF67A94FE624}.Debug|Any CPU.ActiveCfg = Debug|Any CPU
		{A289657A-B040-42BE-922F-CF67A94FE624}.Debug|Any CPU.Build.0 = Debug|Any CPU
		{A289657A-B040-42BE-922F-CF67A94FE624}.Release|Any CPU.ActiveCfg = Release|Any CPU
		{A289657A-B040-42BE-922F-CF67A94FE624}.Release|Any CPU.Build.0 = Release|Any CPU
		{10752504-12D8-41D1-B6D2-E856B6806870}.Debug|Any CPU.ActiveCfg = Debug|Any CPU
		{10752504-12D8-41D1-B6D2-E856B6806870}.Debug|Any CPU.Build.0 = Debug|Any CPU
		{10752504-12D8-41D1-B6D2-E856B6806870}.Release|Any CPU.ActiveCfg = Release|Any CPU
		{10752504-12D8-41D1-B6D2-E856B6806870}.Release|Any CPU.Build.0 = Release|Any CPU
		{4FA2BCF9-A4D1-43EA-B5D1-16D123ABF3F1}.Debug|Any CPU.ActiveCfg = Debug|Any CPU
		{4FA2BCF9-A4D1-43EA-B5D1-16D123ABF3F1}.Debug|Any CPU.Build.0 = Debug|Any CPU
		{4FA2BCF9-A4D1-43EA-B5D1-16D123ABF3F1}.Release|Any CPU.ActiveCfg = Release|Any CPU
		{4FA2BCF9-A4D1-43EA-B5D1-16D123ABF3F1}.Release|Any CPU.Build.0 = Release|Any CPU
	EndGlobalSection
	GlobalSection(SolutionProperties) = preSolution
		HideSolutionNode = FALSE
	EndGlobalSection
	GlobalSection(ExtensibilityGlobals) = postSolution
		SolutionGuid = {150B8219-6E63-4309-BB0E-C4C182F0F531}
	EndGlobalSection
EndGlobal
